
Microsoft Visual Studio Solution File, Format Version 12.00
# Visual Studio Version 17
VisualStudioVersion = 17.5.33502.453
MinimumVisualStudioVersion = 10.0.40219.1
Project("{9A19103F-16F7-4668-BE54-9A1E7A4F7556}") = "MergeSort", "MergeSort\MergeSort.csproj", "{B0CA6B9D-12B6-49FC-8595-2F50F3F8DDE5}"
EndProject
Project("{FAE04EC0-301F-11D3-BF4B-00C04F79EFBC}") = "MergeSortServices", "MergedSortServices\MergeSortServices.csproj", "{6560EC57-ADDC-42D1-8692-84FD0CA297D5}"
EndProject
Global
	GlobalSection(SolutionConfigurationPlatforms) = preSolution
		Debug|Any CPU = Debug|Any CPU
		Release|Any CPU = Release|Any CPU
	EndGlobalSection
	GlobalSection(ProjectConfigurationPlatforms) = postSolution
		{B0CA6B9D-12B6-49FC-8595-2F50F3F8DDE5}.Debug|Any CPU.ActiveCfg = Debug|Any CPU
		{B0CA6B9D-12B6-49FC-8595-2F50F3F8DDE5}.Debug|Any CPU.Build.0 = Debug|Any CPU
		{B0CA6B9D-12B6-49FC-8595-2F50F3F8DDE5}.Release|Any CPU.ActiveCfg = Release|Any CPU
		{B0CA6B9D-12B6-49FC-8595-2F50F3F8DDE5}.Release|Any CPU.Build.0 = Release|Any CPU
		{6560EC57-ADDC-42D1-8692-84FD0CA297D5}.Debug|Any CPU.ActiveCfg = Debug|Any CPU
		{6560EC57-ADDC-42D1-8692-84FD0CA297D5}.Debug|Any CPU.Build.0 = Debug|Any CPU
		{6560EC57-ADDC-42D1-8692-84FD0CA297D5}.Release|Any CPU.ActiveCfg = Release|Any CPU
		{6560EC57-ADDC-42D1-8692-84FD0CA297D5}.Release|Any CPU.Build.0 = Release|Any CPU
	EndGlobalSection
	GlobalSection(SolutionProperties) = preSolution
		HideSolutionNode = FALSE
	EndGlobalSection
	GlobalSection(ExtensibilityGlobals) = postSolution
		SolutionGuid = {5A0460EF-4331-4B14-8217-E8D508625A19}
	EndGlobalSection
EndGlobal
